// !$*UTF8*$!
{
	archiveVersion = 1;
	classes = {
	};
	objectVersion = 52;
	objects = {

/* Begin PBXBuildFile section */
		3A213553292D68BB00C3CB16 /* ContentView.swift in Sources */ = {isa = PBXBuildFile; fileRef = 3A213552292D68BB00C3CB16 /* ContentView.swift */; };
		3A728929292FE5CE00158275 /* SignInWithPhoneNumberCoordinator.swift in Sources */ = {isa = PBXBuildFile; fileRef = 3A728928292FE5CE00158275 /* SignInWithPhoneNumberCoordinator.swift */; };
		3A72892C2930419200158275 /* iPhoneNumberField in Frameworks */ = {isa = PBXBuildFile; productRef = 3A72892B2930419200158275 /* iPhoneNumberField */; };
		3A72892E29304A4C00158275 /* PhoneVerification.swift in Sources */ = {isa = PBXBuildFile; fileRef = 3A72892D29304A4C00158275 /* PhoneVerification.swift */; };
		3AA7D941292335F700BD6E2B /* FirebaseAnalytics in Frameworks */ = {isa = PBXBuildFile; productRef = 3AA7D940292335F700BD6E2B /* FirebaseAnalytics */; };
		3AA7D943292335F700BD6E2B /* FirebaseAnalyticsSwift in Frameworks */ = {isa = PBXBuildFile; productRef = 3AA7D942292335F700BD6E2B /* FirebaseAnalyticsSwift */; };
		3AA7D945292335F700BD6E2B /* FirebaseAuth in Frameworks */ = {isa = PBXBuildFile; productRef = 3AA7D944292335F700BD6E2B /* FirebaseAuth */; };
		3AA7D947292335F700BD6E2B /* FirebaseAuthCombine-Community in Frameworks */ = {isa = PBXBuildFile; productRef = 3AA7D946292335F700BD6E2B /* FirebaseAuthCombine-Community */; };
		3AA7D949292335F700BD6E2B /* FirebaseDynamicLinks in Frameworks */ = {isa = PBXBuildFile; productRef = 3AA7D948292335F700BD6E2B /* FirebaseDynamicLinks */; };
		3AA7D94B292335F700BD6E2B /* FirebaseMessaging in Frameworks */ = {isa = PBXBuildFile; productRef = 3AA7D94A292335F700BD6E2B /* FirebaseMessaging */; };
		3AA7D94D292335F700BD6E2B /* FirebaseStorage in Frameworks */ = {isa = PBXBuildFile; productRef = 3AA7D94C292335F700BD6E2B /* FirebaseStorage */; };
		3AF309AA2932E780003D1301 /* GoogleService-Info.plist in Resources */ = {isa = PBXBuildFile; fileRef = 3AF309A92932E780003D1301 /* GoogleService-Info.plist */; };
		D04E679E29219B370058BC48 /* IshqApp.swift in Sources */ = {isa = PBXBuildFile; fileRef = D04E679D29219B370058BC48 /* IshqApp.swift */; };
		D04E67A029219B370058BC48 /* PhoneAuthentication.swift in Sources */ = {isa = PBXBuildFile; fileRef = D04E679F29219B370058BC48 /* PhoneAuthentication.swift */; };
		D04E67A229219B3E0058BC48 /* Assets.xcassets in Resources */ = {isa = PBXBuildFile; fileRef = D04E67A129219B3E0058BC48 /* Assets.xcassets */; };
		D04E67A529219B3E0058BC48 /* Preview Assets.xcassets in Resources */ = {isa = PBXBuildFile; fileRef = D04E67A429219B3E0058BC48 /* Preview Assets.xcassets */; };
		D04E67B029219B3F0058BC48 /* IshqTests.swift in Sources */ = {isa = PBXBuildFile; fileRef = D04E67AF29219B3F0058BC48 /* IshqTests.swift */; };
		D04E67BB29219B3F0058BC48 /* IshqUITests.swift in Sources */ = {isa = PBXBuildFile; fileRef = D04E67BA29219B3F0058BC48 /* IshqUITests.swift */; };
		D085895B2932D002004F555A /* Realm in Frameworks */ = {isa = PBXBuildFile; productRef = D085895A2932D002004F555A /* Realm */; };
		D085895D2932D002004F555A /* RealmSwift in Frameworks */ = {isa = PBXBuildFile; productRef = D085895C2932D002004F555A /* RealmSwift */; };
		D08589602932FE59004F555A /* SignInWithAppleView.swift in Sources */ = {isa = PBXBuildFile; fileRef = D085895F2932FE59004F555A /* SignInWithAppleView.swift */; };
		D08589632932FF43004F555A /* SignInWithAppleCoordinator.swift in Sources */ = {isa = PBXBuildFile; fileRef = D08589622932FF43004F555A /* SignInWithAppleCoordinator.swift */; };
/* End PBXBuildFile section */

/* Begin PBXContainerItemProxy section */
		D04E67AC29219B3F0058BC48 /* PBXContainerItemProxy */ = {
			isa = PBXContainerItemProxy;
			containerPortal = D04E679229219B370058BC48 /* Project object */;
			proxyType = 1;
			remoteGlobalIDString = D04E679929219B370058BC48;
			remoteInfo = Ishq;
		};
		D04E67B729219B3F0058BC48 /* PBXContainerItemProxy */ = {
			isa = PBXContainerItemProxy;
			containerPortal = D04E679229219B370058BC48 /* Project object */;
			proxyType = 1;
			remoteGlobalIDString = D04E679929219B370058BC48;
			remoteInfo = Ishq;
		};
/* End PBXContainerItemProxy section */

/* Begin PBXFileReference section */
		3A213552292D68BB00C3CB16 /* ContentView.swift */ = {isa = PBXFileReference; lastKnownFileType = sourcecode.swift; path = ContentView.swift; sourceTree = "<group>"; };
		3A728928292FE5CE00158275 /* SignInWithPhoneNumberCoordinator.swift */ = {isa = PBXFileReference; lastKnownFileType = sourcecode.swift; path = SignInWithPhoneNumberCoordinator.swift; sourceTree = "<group>"; };
		3A72892D29304A4C00158275 /* PhoneVerification.swift */ = {isa = PBXFileReference; lastKnownFileType = sourcecode.swift; path = PhoneVerification.swift; sourceTree = "<group>"; };
		3AF309A82932B814003D1301 /* Ishq.entitlements */ = {isa = PBXFileReference; lastKnownFileType = text.plist.entitlements; path = Ishq.entitlements; sourceTree = "<group>"; };
		3AF309A92932E780003D1301 /* GoogleService-Info.plist */ = {isa = PBXFileReference; fileEncoding = 4; lastKnownFileType = text.plist.xml; name = "GoogleService-Info.plist"; path = "../../../Downloads/GoogleService-Info.plist"; sourceTree = "<group>"; };
		D04E679A29219B370058BC48 /* Ishq.app */ = {isa = PBXFileReference; explicitFileType = wrapper.application; includeInIndex = 0; path = Ishq.app; sourceTree = BUILT_PRODUCTS_DIR; };
		D04E679D29219B370058BC48 /* IshqApp.swift */ = {isa = PBXFileReference; lastKnownFileType = sourcecode.swift; path = IshqApp.swift; sourceTree = "<group>"; };
		D04E679F29219B370058BC48 /* PhoneAuthentication.swift */ = {isa = PBXFileReference; lastKnownFileType = sourcecode.swift; path = PhoneAuthentication.swift; sourceTree = "<group>"; };
		D04E67A129219B3E0058BC48 /* Assets.xcassets */ = {isa = PBXFileReference; lastKnownFileType = folder.assetcatalog; path = Assets.xcassets; sourceTree = "<group>"; };
		D04E67A429219B3E0058BC48 /* Preview Assets.xcassets */ = {isa = PBXFileReference; lastKnownFileType = folder.assetcatalog; path = "Preview Assets.xcassets"; sourceTree = "<group>"; };
		D04E67A629219B3E0058BC48 /* Info.plist */ = {isa = PBXFileReference; lastKnownFileType = text.plist.xml; path = Info.plist; sourceTree = "<group>"; };
		D04E67AB29219B3F0058BC48 /* IshqTests.xctest */ = {isa = PBXFileReference; explicitFileType = wrapper.cfbundle; includeInIndex = 0; path = IshqTests.xctest; sourceTree = BUILT_PRODUCTS_DIR; };
		D04E67AF29219B3F0058BC48 /* IshqTests.swift */ = {isa = PBXFileReference; lastKnownFileType = sourcecode.swift; path = IshqTests.swift; sourceTree = "<group>"; };
		D04E67B129219B3F0058BC48 /* Info.plist */ = {isa = PBXFileReference; lastKnownFileType = text.plist.xml; path = Info.plist; sourceTree = "<group>"; };
		D04E67B629219B3F0058BC48 /* IshqUITests.xctest */ = {isa = PBXFileReference; explicitFileType = wrapper.cfbundle; includeInIndex = 0; path = IshqUITests.xctest; sourceTree = BUILT_PRODUCTS_DIR; };
		D04E67BA29219B3F0058BC48 /* IshqUITests.swift */ = {isa = PBXFileReference; lastKnownFileType = sourcecode.swift; path = IshqUITests.swift; sourceTree = "<group>"; };
		D04E67BC29219B3F0058BC48 /* Info.plist */ = {isa = PBXFileReference; lastKnownFileType = text.plist.xml; path = Info.plist; sourceTree = "<group>"; };
		D05104F5293282600081DE21 /* Ishq.entitlements */ = {isa = PBXFileReference; lastKnownFileType = text.plist.entitlements; path = Ishq.entitlements; sourceTree = "<group>"; };
		D085895F2932FE59004F555A /* SignInWithAppleView.swift */ = {isa = PBXFileReference; lastKnownFileType = sourcecode.swift; path = SignInWithAppleView.swift; sourceTree = "<group>"; };
		D08589622932FF43004F555A /* SignInWithAppleCoordinator.swift */ = {isa = PBXFileReference; lastKnownFileType = sourcecode.swift; path = SignInWithAppleCoordinator.swift; sourceTree = "<group>"; };
/* End PBXFileReference section */

/* Begin PBXFrameworksBuildPhase section */
		D04E679729219B370058BC48 /* Frameworks */ = {
			isa = PBXFrameworksBuildPhase;
			buildActionMask = 2147483647;
			files = (
				3AA7D94B292335F700BD6E2B /* FirebaseMessaging in Frameworks */,
				3A72892C2930419200158275 /* iPhoneNumberField in Frameworks */,
				3AA7D943292335F700BD6E2B /* FirebaseAnalyticsSwift in Frameworks */,
				3AA7D945292335F700BD6E2B /* FirebaseAuth in Frameworks */,
				3AA7D941292335F700BD6E2B /* FirebaseAnalytics in Frameworks */,
				3AA7D94D292335F700BD6E2B /* FirebaseStorage in Frameworks */,
				3AA7D947292335F700BD6E2B /* FirebaseAuthCombine-Community in Frameworks */,
				3AA7D949292335F700BD6E2B /* FirebaseDynamicLinks in Frameworks */,
				D085895D2932D002004F555A /* RealmSwift in Frameworks */,
				D085895B2932D002004F555A /* Realm in Frameworks */,
			);
			runOnlyForDeploymentPostprocessing = 0;
		};
		D04E67A829219B3F0058BC48 /* Frameworks */ = {
			isa = PBXFrameworksBuildPhase;
			buildActionMask = 2147483647;
			files = (
			);
			runOnlyForDeploymentPostprocessing = 0;
		};
		D04E67B329219B3F0058BC48 /* Frameworks */ = {
			isa = PBXFrameworksBuildPhase;
			buildActionMask = 2147483647;
			files = (
			);
			runOnlyForDeploymentPostprocessing = 0;
		};
/* End PBXFrameworksBuildPhase section */

/* Begin PBXGroup section */
		3A728925292FE50A00158275 /* ViewModel */ = {
			isa = PBXGroup;
			children = (
			);
			path = ViewModel;
			sourceTree = "<group>";
		};
		3AA7D94E2924899C00BD6E2B /* Views */ = {
			isa = PBXGroup;
			children = (
			);
			path = Views;
			sourceTree = "<group>";
		};
		D04E679129219B370058BC48 = {
			isa = PBXGroup;
			children = (
				D04E679C29219B370058BC48 /* Ishq */,
				D04E67AE29219B3F0058BC48 /* IshqTests */,
				D04E67B929219B3F0058BC48 /* IshqUITests */,
				D04E679B29219B370058BC48 /* Products */,
			);
			sourceTree = "<group>";
		};
		D04E679B29219B370058BC48 /* Products */ = {
			isa = PBXGroup;
			children = (
				D04E679A29219B370058BC48 /* Ishq.app */,
				D04E67AB29219B3F0058BC48 /* IshqTests.xctest */,
				D04E67B629219B3F0058BC48 /* IshqUITests.xctest */,
			);
			name = Products;
			sourceTree = "<group>";
		};
		D04E679C29219B370058BC48 /* Ishq */ = {
			isa = PBXGroup;
			children = (
				3AF309A82932B814003D1301 /* Ishq.entitlements */,
				3A728925292FE50A00158275 /* ViewModel */,
				3AA7D94E2924899C00BD6E2B /* Views */,
				D08589612932FF1C004F555A /* AuthCoordinators */,
				D085895E2932FE3E004F555A /* AuthViews */,
				D05104F5293282600081DE21 /* Ishq.entitlements */,
				D04E679D29219B370058BC48 /* IshqApp.swift */,
				D04E67A129219B3E0058BC48 /* Assets.xcassets */,
				3AF309A92932E780003D1301 /* GoogleService-Info.plist */,
				D04E67A629219B3E0058BC48 /* Info.plist */,
				D04E67A329219B3E0058BC48 /* Preview Content */,
				3A213552292D68BB00C3CB16 /* ContentView.swift */,
			);
			path = Ishq;
			sourceTree = "<group>";
		};
		D04E67A329219B3E0058BC48 /* Preview Content */ = {
			isa = PBXGroup;
			children = (
				D04E67A429219B3E0058BC48 /* Preview Assets.xcassets */,
			);
			path = "Preview Content";
			sourceTree = "<group>";
		};
		D04E67AE29219B3F0058BC48 /* IshqTests */ = {
			isa = PBXGroup;
			children = (
				D04E67AF29219B3F0058BC48 /* IshqTests.swift */,
				D04E67B129219B3F0058BC48 /* Info.plist */,
			);
			path = IshqTests;
			sourceTree = "<group>";
		};
		D04E67B929219B3F0058BC48 /* IshqUITests */ = {
			isa = PBXGroup;
			children = (
				D04E67BA29219B3F0058BC48 /* IshqUITests.swift */,
				D04E67BC29219B3F0058BC48 /* Info.plist */,
			);
			path = IshqUITests;
			sourceTree = "<group>";
		};
		D085895E2932FE3E004F555A /* AuthViews */ = {
			isa = PBXGroup;
			children = (
				D04E679F29219B370058BC48 /* PhoneAuthentication.swift */,
				3A72892D29304A4C00158275 /* PhoneVerification.swift */,
				D085895F2932FE59004F555A /* SignInWithAppleView.swift */,
			);
			path = AuthViews;
			sourceTree = "<group>";
		};
		D08589612932FF1C004F555A /* AuthCoordinators */ = {
			isa = PBXGroup;
			children = (
				3A728928292FE5CE00158275 /* SignInWithPhoneNumberCoordinator.swift */,
				D08589622932FF43004F555A /* SignInWithAppleCoordinator.swift */,
			);
			path = AuthCoordinators;
			sourceTree = "<group>";
		};
/* End PBXGroup section */

/* Begin PBXNativeTarget section */
		D04E679929219B370058BC48 /* Ishq */ = {
			isa = PBXNativeTarget;
			buildConfigurationList = D04E67BF29219B3F0058BC48 /* Build configuration list for PBXNativeTarget "Ishq" */;
			buildPhases = (
				D04E679629219B370058BC48 /* Sources */,
				D04E679729219B370058BC48 /* Frameworks */,
				D04E679829219B370058BC48 /* Resources */,
			);
			buildRules = (
			);
			dependencies = (
			);
			name = Ishq;
			packageProductDependencies = (
				3AA7D940292335F700BD6E2B /* FirebaseAnalytics */,
				3AA7D942292335F700BD6E2B /* FirebaseAnalyticsSwift */,
				3AA7D944292335F700BD6E2B /* FirebaseAuth */,
				3AA7D946292335F700BD6E2B /* FirebaseAuthCombine-Community */,
				3AA7D948292335F700BD6E2B /* FirebaseDynamicLinks */,
				3AA7D94A292335F700BD6E2B /* FirebaseMessaging */,
				3AA7D94C292335F700BD6E2B /* FirebaseStorage */,
				3A72892B2930419200158275 /* iPhoneNumberField */,
				D085895A2932D002004F555A /* Realm */,
				D085895C2932D002004F555A /* RealmSwift */,
			);
			productName = Ishq;
			productReference = D04E679A29219B370058BC48 /* Ishq.app */;
			productType = "com.apple.product-type.application";
		};
		D04E67AA29219B3F0058BC48 /* IshqTests */ = {
			isa = PBXNativeTarget;
			buildConfigurationList = D04E67C229219B3F0058BC48 /* Build configuration list for PBXNativeTarget "IshqTests" */;
			buildPhases = (
				D04E67A729219B3F0058BC48 /* Sources */,
				D04E67A829219B3F0058BC48 /* Frameworks */,
				D04E67A929219B3F0058BC48 /* Resources */,
			);
			buildRules = (
			);
			dependencies = (
				D04E67AD29219B3F0058BC48 /* PBXTargetDependency */,
			);
			name = IshqTests;
			productName = IshqTests;
			productReference = D04E67AB29219B3F0058BC48 /* IshqTests.xctest */;
			productType = "com.apple.product-type.bundle.unit-test";
		};
		D04E67B529219B3F0058BC48 /* IshqUITests */ = {
			isa = PBXNativeTarget;
			buildConfigurationList = D04E67C529219B3F0058BC48 /* Build configuration list for PBXNativeTarget "IshqUITests" */;
			buildPhases = (
				D04E67B229219B3F0058BC48 /* Sources */,
				D04E67B329219B3F0058BC48 /* Frameworks */,
				D04E67B429219B3F0058BC48 /* Resources */,
			);
			buildRules = (
			);
			dependencies = (
				D04E67B829219B3F0058BC48 /* PBXTargetDependency */,
			);
			name = IshqUITests;
			productName = IshqUITests;
			productReference = D04E67B629219B3F0058BC48 /* IshqUITests.xctest */;
			productType = "com.apple.product-type.bundle.ui-testing";
		};
/* End PBXNativeTarget section */

/* Begin PBXProject section */
		D04E679229219B370058BC48 /* Project object */ = {
			isa = PBXProject;
			attributes = {
				LastSwiftUpdateCheck = 1240;
				LastUpgradeCheck = 1240;
				TargetAttributes = {
					D04E679929219B370058BC48 = {
						CreatedOnToolsVersion = 12.4;
					};
					D04E67AA29219B3F0058BC48 = {
						CreatedOnToolsVersion = 12.4;
						TestTargetID = D04E679929219B370058BC48;
					};
					D04E67B529219B3F0058BC48 = {
						CreatedOnToolsVersion = 12.4;
						TestTargetID = D04E679929219B370058BC48;
					};
				};
			};
			buildConfigurationList = D04E679529219B370058BC48 /* Build configuration list for PBXProject "Ishq" */;
			compatibilityVersion = "Xcode 9.3";
			developmentRegion = en;
			hasScannedForEncodings = 0;
			knownRegions = (
				en,
				Base,
			);
			mainGroup = D04E679129219B370058BC48;
			packageReferences = (
				3AA7D93F292335F600BD6E2B /* XCRemoteSwiftPackageReference "firebase-ios-sdk" */,
				3A72892A2930419200158275 /* XCRemoteSwiftPackageReference "iPhoneNumberField" */,
				D08589592932D002004F555A /* XCRemoteSwiftPackageReference "realm-swift" */,
			);
			productRefGroup = D04E679B29219B370058BC48 /* Products */;
			projectDirPath = "";
			projectRoot = "";
			targets = (
				D04E679929219B370058BC48 /* Ishq */,
				D04E67AA29219B3F0058BC48 /* IshqTests */,
				D04E67B529219B3F0058BC48 /* IshqUITests */,
			);
		};
/* End PBXProject section */

/* Begin PBXResourcesBuildPhase section */
		D04E679829219B370058BC48 /* Resources */ = {
			isa = PBXResourcesBuildPhase;
			buildActionMask = 2147483647;
			files = (
				D04E67A529219B3E0058BC48 /* Preview Assets.xcassets in Resources */,
				D04E67A229219B3E0058BC48 /* Assets.xcassets in Resources */,
				3AF309AA2932E780003D1301 /* GoogleService-Info.plist in Resources */,
			);
			runOnlyForDeploymentPostprocessing = 0;
		};
		D04E67A929219B3F0058BC48 /* Resources */ = {
			isa = PBXResourcesBuildPhase;
			buildActionMask = 2147483647;
			files = (
			);
			runOnlyForDeploymentPostprocessing = 0;
		};
		D04E67B429219B3F0058BC48 /* Resources */ = {
			isa = PBXResourcesBuildPhase;
			buildActionMask = 2147483647;
			files = (
			);
			runOnlyForDeploymentPostprocessing = 0;
		};
/* End PBXResourcesBuildPhase section */

/* Begin PBXSourcesBuildPhase section */
		D04E679629219B370058BC48 /* Sources */ = {
			isa = PBXSourcesBuildPhase;
			buildActionMask = 2147483647;
			files = (
				D04E67A029219B370058BC48 /* PhoneAuthentication.swift in Sources */,
				3A72892E29304A4C00158275 /* PhoneVerification.swift in Sources */,
				D04E679E29219B370058BC48 /* IshqApp.swift in Sources */,
				3A213553292D68BB00C3CB16 /* ContentView.swift in Sources */,
				3A728929292FE5CE00158275 /* SignInWithPhoneNumberCoordinator.swift in Sources */,
				D08589632932FF43004F555A /* SignInWithAppleCoordinator.swift in Sources */,
				D08589602932FE59004F555A /* SignInWithAppleView.swift in Sources */,
			);
			runOnlyForDeploymentPostprocessing = 0;
		};
		D04E67A729219B3F0058BC48 /* Sources */ = {
			isa = PBXSourcesBuildPhase;
			buildActionMask = 2147483647;
			files = (
				D04E67B029219B3F0058BC48 /* IshqTests.swift in Sources */,
			);
			runOnlyForDeploymentPostprocessing = 0;
		};
		D04E67B229219B3F0058BC48 /* Sources */ = {
			isa = PBXSourcesBuildPhase;
			buildActionMask = 2147483647;
			files = (
				D04E67BB29219B3F0058BC48 /* IshqUITests.swift in Sources */,
			);
			runOnlyForDeploymentPostprocessing = 0;
		};
/* End PBXSourcesBuildPhase section */

/* Begin PBXTargetDependency section */
		D04E67AD29219B3F0058BC48 /* PBXTargetDependency */ = {
			isa = PBXTargetDependency;
			target = D04E679929219B370058BC48 /* Ishq */;
			targetProxy = D04E67AC29219B3F0058BC48 /* PBXContainerItemProxy */;
		};
		D04E67B829219B3F0058BC48 /* PBXTargetDependency */ = {
			isa = PBXTargetDependency;
			target = D04E679929219B370058BC48 /* Ishq */;
			targetProxy = D04E67B729219B3F0058BC48 /* PBXContainerItemProxy */;
		};
/* End PBXTargetDependency section */

/* Begin XCBuildConfiguration section */
		D04E67BD29219B3F0058BC48 /* Debug */ = {
			isa = XCBuildConfiguration;
			buildSettings = {
				ALWAYS_SEARCH_USER_PATHS = NO;
				CLANG_ANALYZER_NONNULL = YES;
				CLANG_ANALYZER_NUMBER_OBJECT_CONVERSION = YES_AGGRESSIVE;
				CLANG_CXX_LANGUAGE_STANDARD = "gnu++14";
				CLANG_CXX_LIBRARY = "libc++";
				CLANG_ENABLE_MODULES = YES;
				CLANG_ENABLE_OBJC_ARC = YES;
				CLANG_ENABLE_OBJC_WEAK = YES;
				CLANG_WARN_BLOCK_CAPTURE_AUTORELEASING = YES;
				CLANG_WARN_BOOL_CONVERSION = YES;
				CLANG_WARN_COMMA = YES;
				CLANG_WARN_CONSTANT_CONVERSION = YES;
				CLANG_WARN_DEPRECATED_OBJC_IMPLEMENTATIONS = YES;
				CLANG_WARN_DIRECT_OBJC_ISA_USAGE = YES_ERROR;
				CLANG_WARN_DOCUMENTATION_COMMENTS = YES;
				CLANG_WARN_EMPTY_BODY = YES;
				CLANG_WARN_ENUM_CONVERSION = YES;
				CLANG_WARN_INFINITE_RECURSION = YES;
				CLANG_WARN_INT_CONVERSION = YES;
				CLANG_WARN_NON_LITERAL_NULL_CONVERSION = YES;
				CLANG_WARN_OBJC_IMPLICIT_RETAIN_SELF = YES;
				CLANG_WARN_OBJC_LITERAL_CONVERSION = YES;
				CLANG_WARN_OBJC_ROOT_CLASS = YES_ERROR;
				CLANG_WARN_QUOTED_INCLUDE_IN_FRAMEWORK_HEADER = YES;
				CLANG_WARN_RANGE_LOOP_ANALYSIS = YES;
				CLANG_WARN_STRICT_PROTOTYPES = YES;
				CLANG_WARN_SUSPICIOUS_MOVE = YES;
				CLANG_WARN_UNGUARDED_AVAILABILITY = YES_AGGRESSIVE;
				CLANG_WARN_UNREACHABLE_CODE = YES;
				CLANG_WARN__DUPLICATE_METHOD_MATCH = YES;
				COPY_PHASE_STRIP = NO;
				DEBUG_INFORMATION_FORMAT = dwarf;
				ENABLE_STRICT_OBJC_MSGSEND = YES;
				ENABLE_TESTABILITY = YES;
				GCC_C_LANGUAGE_STANDARD = gnu11;
				GCC_DYNAMIC_NO_PIC = NO;
				GCC_NO_COMMON_BLOCKS = YES;
				GCC_OPTIMIZATION_LEVEL = 0;
				GCC_PREPROCESSOR_DEFINITIONS = (
					"DEBUG=1",
					"$(inherited)",
				);
				GCC_WARN_64_TO_32_BIT_CONVERSION = YES;
				GCC_WARN_ABOUT_RETURN_TYPE = YES_ERROR;
				GCC_WARN_UNDECLARED_SELECTOR = YES;
				GCC_WARN_UNINITIALIZED_AUTOS = YES_AGGRESSIVE;
				GCC_WARN_UNUSED_FUNCTION = YES;
				GCC_WARN_UNUSED_VARIABLE = YES;
				IPHONEOS_DEPLOYMENT_TARGET = 16.0;
				MTL_ENABLE_DEBUG_INFO = INCLUDE_SOURCE;
				MTL_FAST_MATH = YES;
				ONLY_ACTIVE_ARCH = YES;
				SDKROOT = iphoneos;
				SWIFT_ACTIVE_COMPILATION_CONDITIONS = DEBUG;
				SWIFT_OPTIMIZATION_LEVEL = "-Onone";
			};
			name = Debug;
		};
		D04E67BE29219B3F0058BC48 /* Release */ = {
			isa = XCBuildConfiguration;
			buildSettings = {
				ALWAYS_SEARCH_USER_PATHS = NO;
				CLANG_ANALYZER_NONNULL = YES;
				CLANG_ANALYZER_NUMBER_OBJECT_CONVERSION = YES_AGGRESSIVE;
				CLANG_CXX_LANGUAGE_STANDARD = "gnu++14";
				CLANG_CXX_LIBRARY = "libc++";
				CLANG_ENABLE_MODULES = YES;
				CLANG_ENABLE_OBJC_ARC = YES;
				CLANG_ENABLE_OBJC_WEAK = YES;
				CLANG_WARN_BLOCK_CAPTURE_AUTORELEASING = YES;
				CLANG_WARN_BOOL_CONVERSION = YES;
				CLANG_WARN_COMMA = YES;
				CLANG_WARN_CONSTANT_CONVERSION = YES;
				CLANG_WARN_DEPRECATED_OBJC_IMPLEMENTATIONS = YES;
				CLANG_WARN_DIRECT_OBJC_ISA_USAGE = YES_ERROR;
				CLANG_WARN_DOCUMENTATION_COMMENTS = YES;
				CLANG_WARN_EMPTY_BODY = YES;
				CLANG_WARN_ENUM_CONVERSION = YES;
				CLANG_WARN_INFINITE_RECURSION = YES;
				CLANG_WARN_INT_CONVERSION = YES;
				CLANG_WARN_NON_LITERAL_NULL_CONVERSION = YES;
				CLANG_WARN_OBJC_IMPLICIT_RETAIN_SELF = YES;
				CLANG_WARN_OBJC_LITERAL_CONVERSION = YES;
				CLANG_WARN_OBJC_ROOT_CLASS = YES_ERROR;
				CLANG_WARN_QUOTED_INCLUDE_IN_FRAMEWORK_HEADER = YES;
				CLANG_WARN_RANGE_LOOP_ANALYSIS = YES;
				CLANG_WARN_STRICT_PROTOTYPES = YES;
				CLANG_WARN_SUSPICIOUS_MOVE = YES;
				CLANG_WARN_UNGUARDED_AVAILABILITY = YES_AGGRESSIVE;
				CLANG_WARN_UNREACHABLE_CODE = YES;
				CLANG_WARN__DUPLICATE_METHOD_MATCH = YES;
				COPY_PHASE_STRIP = NO;
				DEBUG_INFORMATION_FORMAT = "dwarf-with-dsym";
				ENABLE_NS_ASSERTIONS = NO;
				ENABLE_STRICT_OBJC_MSGSEND = YES;
				GCC_C_LANGUAGE_STANDARD = gnu11;
				GCC_NO_COMMON_BLOCKS = YES;
				GCC_WARN_64_TO_32_BIT_CONVERSION = YES;
				GCC_WARN_ABOUT_RETURN_TYPE = YES_ERROR;
				GCC_WARN_UNDECLARED_SELECTOR = YES;
				GCC_WARN_UNINITIALIZED_AUTOS = YES_AGGRESSIVE;
				GCC_WARN_UNUSED_FUNCTION = YES;
				GCC_WARN_UNUSED_VARIABLE = YES;
				IPHONEOS_DEPLOYMENT_TARGET = 16.0;
				MTL_ENABLE_DEBUG_INFO = NO;
				MTL_FAST_MATH = YES;
				SDKROOT = iphoneos;
				SWIFT_COMPILATION_MODE = wholemodule;
				SWIFT_OPTIMIZATION_LEVEL = "-O";
				VALIDATE_PRODUCT = YES;
			};
			name = Release;
		};
		D04E67C029219B3F0058BC48 /* Debug */ = {
			isa = XCBuildConfiguration;
			buildSettings = {
				ASSETCATALOG_COMPILER_APPICON_NAME = AppIcon;
				ASSETCATALOG_COMPILER_GLOBAL_ACCENT_COLOR_NAME = AccentColor;
				CODE_SIGN_ENTITLEMENTS = Ishq/Ishq.entitlements;
				CODE_SIGN_IDENTITY = "Apple Development";
				CODE_SIGN_STYLE = Automatic;
				DEVELOPMENT_ASSET_PATHS = "\"Ishq/Preview Content\"";
				DEVELOPMENT_TEAM = 96C79E7E69;
				ENABLE_PREVIEWS = YES;
				INFOPLIST_FILE = Ishq/Info.plist;
				IPHONEOS_DEPLOYMENT_TARGET = 14.0;
				LD_RUNPATH_SEARCH_PATHS = (
					"$(inherited)",
					"@executable_path/Frameworks",
				);
				PRODUCT_BUNDLE_IDENTIFIER = org.wedinvyte.ishq;
				PRODUCT_NAME = "$(TARGET_NAME)";
				PROVISIONING_PROFILE_SPECIFIER = "";
				SWIFT_VERSION = 5.0;
				TARGETED_DEVICE_FAMILY = "1,2";
			};
			name = Debug;
		};
		D04E67C129219B3F0058BC48 /* Release */ = {
			isa = XCBuildConfiguration;
			buildSettings = {
				ASSETCATALOG_COMPILER_APPICON_NAME = AppIcon;
				ASSETCATALOG_COMPILER_GLOBAL_ACCENT_COLOR_NAME = AccentColor;
				CODE_SIGN_ENTITLEMENTS = Ishq/Ishq.entitlements;
				CODE_SIGN_IDENTITY = "Apple Development";
				CODE_SIGN_STYLE = Automatic;
				DEVELOPMENT_ASSET_PATHS = "\"Ishq/Preview Content\"";
				DEVELOPMENT_TEAM = 96C79E7E69;
				ENABLE_PREVIEWS = YES;
				INFOPLIST_FILE = Ishq/Info.plist;
				IPHONEOS_DEPLOYMENT_TARGET = 14.0;
				LD_RUNPATH_SEARCH_PATHS = (
					"$(inherited)",
					"@executable_path/Frameworks",
				);
				PRODUCT_BUNDLE_IDENTIFIER = org.wedinvyte.ishq;
				PRODUCT_NAME = "$(TARGET_NAME)";
				PROVISIONING_PROFILE_SPECIFIER = "";
				SWIFT_VERSION = 5.0;
				TARGETED_DEVICE_FAMILY = "1,2";
			};
			name = Release;
		};
		D04E67C329219B3F0058BC48 /* Debug */ = {
			isa = XCBuildConfiguration;
			buildSettings = {
				ALWAYS_EMBED_SWIFT_STANDARD_LIBRARIES = YES;
				BUNDLE_LOADER = "$(TEST_HOST)";
				CODE_SIGN_STYLE = Automatic;
				DEVELOPMENT_TEAM = J76HZ8P9J7;
				INFOPLIST_FILE = IshqTests/Info.plist;
				IPHONEOS_DEPLOYMENT_TARGET = 14.0;
				LD_RUNPATH_SEARCH_PATHS = (
					"$(inherited)",
					"@executable_path/Frameworks",
					"@loader_path/Frameworks",
				);
				PRODUCT_BUNDLE_IDENTIFIER = com.findIshq.IshqTests;
				PRODUCT_NAME = "$(TARGET_NAME)";
				SWIFT_VERSION = 5.0;
				TARGETED_DEVICE_FAMILY = "1,2";
				TEST_HOST = "$(BUILT_PRODUCTS_DIR)/Ishq.app/Ishq";
			};
			name = Debug;
		};
		D04E67C429219B3F0058BC48 /* Release */ = {
			isa = XCBuildConfiguration;
			buildSettings = {
				ALWAYS_EMBED_SWIFT_STANDARD_LIBRARIES = YES;
				BUNDLE_LOADER = "$(TEST_HOST)";
				CODE_SIGN_STYLE = Automatic;
				DEVELOPMENT_TEAM = J76HZ8P9J7;
				INFOPLIST_FILE = IshqTests/Info.plist;
				IPHONEOS_DEPLOYMENT_TARGET = 14.0;
				LD_RUNPATH_SEARCH_PATHS = (
					"$(inherited)",
					"@executable_path/Frameworks",
					"@loader_path/Frameworks",
				);
				PRODUCT_BUNDLE_IDENTIFIER = com.findIshq.IshqTests;
				PRODUCT_NAME = "$(TARGET_NAME)";
				SWIFT_VERSION = 5.0;
				TARGETED_DEVICE_FAMILY = "1,2";
				TEST_HOST = "$(BUILT_PRODUCTS_DIR)/Ishq.app/Ishq";
			};
			name = Release;
		};
		D04E67C629219B3F0058BC48 /* Debug */ = {
			isa = XCBuildConfiguration;
			buildSettings = {
				ALWAYS_EMBED_SWIFT_STANDARD_LIBRARIES = YES;
				CODE_SIGN_STYLE = Automatic;
				DEVELOPMENT_TEAM = J76HZ8P9J7;
				INFOPLIST_FILE = IshqUITests/Info.plist;
				LD_RUNPATH_SEARCH_PATHS = (
					"$(inherited)",
					"@executable_path/Frameworks",
					"@loader_path/Frameworks",
				);
				PRODUCT_BUNDLE_IDENTIFIER = com.findIshq.IshqUITests;
				PRODUCT_NAME = "$(TARGET_NAME)";
				SWIFT_VERSION = 5.0;
				TARGETED_DEVICE_FAMILY = "1,2";
				TEST_TARGET_NAME = Ishq;
			};
			name = Debug;
		};
		D04E67C729219B3F0058BC48 /* Release */ = {
			isa = XCBuildConfiguration;
			buildSettings = {
				ALWAYS_EMBED_SWIFT_STANDARD_LIBRARIES = YES;
				CODE_SIGN_STYLE = Automatic;
				DEVELOPMENT_TEAM = J76HZ8P9J7;
				INFOPLIST_FILE = IshqUITests/Info.plist;
				LD_RUNPATH_SEARCH_PATHS = (
					"$(inherited)",
					"@executable_path/Frameworks",
					"@loader_path/Frameworks",
				);
				PRODUCT_BUNDLE_IDENTIFIER = com.findIshq.IshqUITests;
				PRODUCT_NAME = "$(TARGET_NAME)";
				SWIFT_VERSION = 5.0;
				TARGETED_DEVICE_FAMILY = "1,2";
				TEST_TARGET_NAME = Ishq;
			};
			name = Release;
		};
/* End XCBuildConfiguration section */

/* Begin XCConfigurationList section */
		D04E679529219B370058BC48 /* Build configuration list for PBXProject "Ishq" */ = {
			isa = XCConfigurationList;
			buildConfigurations = (
				D04E67BD29219B3F0058BC48 /* Debug */,
				D04E67BE29219B3F0058BC48 /* Release */,
			);
			defaultConfigurationIsVisible = 0;
			defaultConfigurationName = Release;
		};
		D04E67BF29219B3F0058BC48 /* Build configuration list for PBXNativeTarget "Ishq" */ = {
			isa = XCConfigurationList;
			buildConfigurations = (
				D04E67C029219B3F0058BC48 /* Debug */,
				D04E67C129219B3F0058BC48 /* Release */,
			);
			defaultConfigurationIsVisible = 0;
			defaultConfigurationName = Release;
		};
		D04E67C229219B3F0058BC48 /* Build configuration list for PBXNativeTarget "IshqTests" */ = {
			isa = XCConfigurationList;
			buildConfigurations = (
				D04E67C329219B3F0058BC48 /* Debug */,
				D04E67C429219B3F0058BC48 /* Release */,
			);
			defaultConfigurationIsVisible = 0;
			defaultConfigurationName = Release;
		};
		D04E67C529219B3F0058BC48 /* Build configuration list for PBXNativeTarget "IshqUITests" */ = {
			isa = XCConfigurationList;
			buildConfigurations = (
				D04E67C629219B3F0058BC48 /* Debug */,
				D04E67C729219B3F0058BC48 /* Release */,
			);
			defaultConfigurationIsVisible = 0;
			defaultConfigurationName = Release;
		};
/* End XCConfigurationList section */

/* Begin XCRemoteSwiftPackageReference section */
		3A72892A2930419200158275 /* XCRemoteSwiftPackageReference "iPhoneNumberField" */ = {
			isa = XCRemoteSwiftPackageReference;
			repositoryURL = "https://github.com/MojtabaHs/iPhoneNumberField.git";
			requirement = {
				kind = upToNextMajorVersion;
				minimumVersion = 0.9.0;
			};
		};
		3AA7D93F292335F600BD6E2B /* XCRemoteSwiftPackageReference "firebase-ios-sdk" */ = {
			isa = XCRemoteSwiftPackageReference;
			repositoryURL = "https://github.com/firebase/firebase-ios-sdk";
			requirement = {
				kind = upToNextMajorVersion;
				minimumVersion = 9.0.0;
			};
		};
		D08589592932D002004F555A /* XCRemoteSwiftPackageReference "realm-swift" */ = {
			isa = XCRemoteSwiftPackageReference;
			repositoryURL = "https://github.com/realm/realm-swift.git";
			requirement = {
				kind = upToNextMajorVersion;
				minimumVersion = 10.32.3;
			};
		};
/* End XCRemoteSwiftPackageReference section */

/* Begin XCSwiftPackageProductDependency section */
		3A72892B2930419200158275 /* iPhoneNumberField */ = {
			isa = XCSwiftPackageProductDependency;
			package = 3A72892A2930419200158275 /* XCRemoteSwiftPackageReference "iPhoneNumberField" */;
			productName = iPhoneNumberField;
		};
		3AA7D940292335F700BD6E2B /* FirebaseAnalytics */ = {
			isa = XCSwiftPackageProductDependency;
			package = 3AA7D93F292335F600BD6E2B /* XCRemoteSwiftPackageReference "firebase-ios-sdk" */;
			productName = FirebaseAnalytics;
		};
		3AA7D942292335F700BD6E2B /* FirebaseAnalyticsSwift */ = {
			isa = XCSwiftPackageProductDependency;
			package = 3AA7D93F292335F600BD6E2B /* XCRemoteSwiftPackageReference "firebase-ios-sdk" */;
			productName = FirebaseAnalyticsSwift;
		};
		3AA7D944292335F700BD6E2B /* FirebaseAuth */ = {
			isa = XCSwiftPackageProductDependency;
			package = 3AA7D93F292335F600BD6E2B /* XCRemoteSwiftPackageReference "firebase-ios-sdk" */;
			productName = FirebaseAuth;
		};
		3AA7D946292335F700BD6E2B /* FirebaseAuthCombine-Community */ = {
			isa = XCSwiftPackageProductDependency;
			package = 3AA7D93F292335F600BD6E2B /* XCRemoteSwiftPackageReference "firebase-ios-sdk" */;
			productName = "FirebaseAuthCombine-Community";
		};
		3AA7D948292335F700BD6E2B /* FirebaseDynamicLinks */ = {
			isa = XCSwiftPackageProductDependency;
			package = 3AA7D93F292335F600BD6E2B /* XCRemoteSwiftPackageReference "firebase-ios-sdk" */;
			productName = FirebaseDynamicLinks;
		};
		3AA7D94A292335F700BD6E2B /* FirebaseMessaging */ = {
			isa = XCSwiftPackageProductDependency;
			package = 3AA7D93F292335F600BD6E2B /* XCRemoteSwiftPackageReference "firebase-ios-sdk" */;
			productName = FirebaseMessaging;
		};
		3AA7D94C292335F700BD6E2B /* FirebaseStorage */ = {
			isa = XCSwiftPackageProductDependency;
			package = 3AA7D93F292335F600BD6E2B /* XCRemoteSwiftPackageReference "firebase-ios-sdk" */;
			productName = FirebaseStorage;
		};
		D085895A2932D002004F555A /* Realm */ = {
			isa = XCSwiftPackageProductDependency;
			package = D08589592932D002004F555A /* XCRemoteSwiftPackageReference "realm-swift" */;
			productName = Realm;
		};
		D085895C2932D002004F555A /* RealmSwift */ = {
			isa = XCSwiftPackageProductDependency;
			package = D08589592932D002004F555A /* XCRemoteSwiftPackageReference "realm-swift" */;
			productName = RealmSwift;
		};
/* End XCSwiftPackageProductDependency section */
	};
	rootObject = D04E679229219B370058BC48 /* Project object */;
}
